{
  "version": 4,
  "terraform_version": "1.15.6",
  "serial": 362,
  "lineage": "b336db6f-e1eb-f424-3375-b832ab0c6b34",
  "outputs": {},
  "resources": [
    {
      "module": "module.ec2",
      "mode": "managed",
      "type": "aws_instance",
      "name": "ec2-web-app",
      "provider": "provider[\"registry.terraform.io/hashicorp/aws\"]",
      "instances": [
        {
          "schema_version": 1,
          "attributes": {
            "ami": "ami-0e001c9271cf7f3b9",
            "arn": "arn:aws:ec2:us-east-1:553579537067:instance/i-021698ff2fc750992",
            "associate_public_ip_address": true,
            "availability_zone": "us-east-1a",
            "capacity_reservation_specification": [
              {
                "capacity_reservation_preference": "open",
                "capacity_reservation_target": []
              }
            ],
            "cpu_core_count": 1,
            "cpu_options": [
              {
                "amd_sev_snp": "",
                "core_count": 1,
                "threads_per_core": 2
              }
            ],
            "cpu_threads_per_core": 2,
            "credit_specification": [
              {
                "cpu_credits": "unlimited"
              }
            ],
            "disable_api_stop": false,
            "disable_api_termination": false,
            "ebs_block_device": [
              {
                "delete_on_termination": true,
                "device_name": "/dev/sda1",
                "encrypted": false,
                "iops": 3000,
                "kms_key_id": "",
                "snapshot_id": "",
                "tags": {},
                "throughput": 125,
                "volume_id": "vol-06a0866ede51fca83",
                "volume_size": 30,
                "volume_type": "gp3"
              }
            ],
            "ebs_optimized": true,
            "enclave_options": [
              {
                "enabled": false
              }
            ],
            "ephemeral_block_device": [],
            "get_password_data": false,
            "hibernation": false,
            "host_id": "",
            "host_resource_group_arn": null,
            "iam_instance_profile": "",
            "id": "i-021698ff2fc750992",
            "instance_initiated_shutdown_behavior": "stop",
            "instance_state": "running",
            "instance_type": "t3.small",
            "ipv6_address_count": 0,
            "ipv6_addresses": [],
            "key_name": "terraform_key",
            "launch_template": [],
            "maintenance_options": [
              {
                "auto_recovery": "default"
              }
            ],
            "metadata_options": [
              {
                "http_endpoint": "enabled",
                "http_put_response_hop_limit": 1,
                "http_tokens": "required",
                "instance_metadata_tags": "disabled"
              }
            ],
            "monitoring": false,
            "network_interface": [],
            "outpost_arn": "",
            "password_data": "",
            "placement_group": "",
            "placement_partition_number": 0,
            "primary_network_interface_id": "eni-01089db5805cb1963",
            "private_dns": "ip-10-0-0-30.ec2.internal",
            "private_dns_name_options": [
              {
                "enable_resource_name_dns_a_record": false,
                "enable_resource_name_dns_aaaa_record": false,
                "hostname_type": "ip-name"
              }
            ],
            "private_ip": "10.0.0.30",
            "public_dns": "ec2-44-202-136-77.compute-1.amazonaws.com",
            "public_ip": "44.202.136.77",
            "root_block_device": [
              {
                "delete_on_termination": true,
                "device_name": "/dev/sda1",
                "encrypted": false,
                "iops": 3000,
                "kms_key_id": "",
                "tags": {},
                "throughput": 125,
                "volume_id": "vol-06a0866ede51fca83",
                "volume_size": 30,
                "volume_type": "gp3"
              }
            ],
            "secondary_private_ips": [],
            "security_groups": [],
            "source_dest_check": true,
            "subnet_id": "subnet-0a79eb0535cc3aeee",
            "tags": {
              "Name": "ec2-web-app-busflow"
            },
            "tags_all": {
              "Name": "ec2-web-app-busflow"
            },
            "tenancy": "default",
            "timeouts": null,
            "user_data": null,
            "user_data_base64": null,
            "user_data_replace_on_change": false,
            "volume_tags": null,
            "vpc_security_group_ids": [
              "sg-0f55c26b1bd57387f"
            ]
          },
          "sensitive_attributes": [],
          "identity_schema_version": 0,
          "private": "eyJlMmJmYjczMC1lY2FhLTExZTYtOGY4OC0zNDM2M2JjN2M0YzAiOnsiY3JlYXRlIjo2MDAwMDAwMDAwMDAsImRlbGV0ZSI6MTIwMDAwMDAwMDAwMCwidXBkYXRlIjo2MDAwMDAwMDAwMDB9LCJzY2hlbWFfdmVyc2lvbiI6IjEifQ==",
          "dependencies": [
            "module.ec2.aws_key_pair.generated_key",
            "module.ec2.module.net.aws_security_group.sg",
            "module.ec2.module.net.aws_subnet.public_subnet",
            "module.ec2.module.net.aws_vpc.vpc"
          ]
        }
      ]
    },
    {
      "module": "module.ec2",
      "mode": "managed",
      "type": "aws_key_pair",
      "name": "generated_key",
      "provider": "provider[\"registry.terraform.io/hashicorp/aws\"]",
      "instances": [
        {
          "schema_version": 1,
          "attributes": {
            "arn": "arn:aws:ec2:us-east-1:553579537067:key-pair/terraform_key",
            "fingerprint": "09:49:22:4b:ed:99:26:b1:1a:7b:3f:d3:3f:bb:92:af",
            "id": "terraform_key",
            "key_name": "terraform_key",
            "key_name_prefix": "",
            "key_pair_id": "key-089faffbe64d9c6bb",
            "key_type": "rsa",
            "public_key": "ssh-rsa AAAAB3NzaC1yc2EAAAADAQABAAACAQDVJp+Jnyr4is/GLBgVCGcsHKkMkyAIx34Z20137vEPEAxFMlPbuuuXFj4YGe8qpKs1sSLYg+GnfqJ+IjaYsX4EVIJg3CG60Ec6WDJXNQlzi5UzhncWkrI2xmw32zQkPoe/OEFOvp1dblnaYlgRTunQ+7wMXl90CRPysUKo9V5zbu3UPMq7FK8G1K/O7TkejhyOufObS4Ak5+X9NCRRMUqV8Zuh4b75oNeA1dehbctUCwonm5KX60ivGa+rCAVl2g/2w0pXO47wzvB12H1p23iswaOgr7tsEI+fb8W7kKSRjPl6U1LSYu4NIGaRj9P4mFPcq1GkfnEFQk+VL0p1fLMih15l63iFOGwEAbXD4gQkyhJr3uanjWCUm0Tje98vSSkemTOTzFbBCeKj4XCk4ubktV+r5YOMVKhhl6I5odkagQDddP8+E33YAJa8cTIMFaEQGVAW2SprGVuu1sW3Jp/MnpEIl1pFNAlItl9D4QACwNmfmNSRc2SjVU/o0wzZYfdRLBhrGN3p6uPubXqIilH80YoPDzlUMLiKQZuTvtnsT0nwaOAq82SG2Bc+NIVrp36X/ROEm59VhXHtZcLtayw6XBeZ6nmdBi2r9UTyhC/EDi4wv8Rv3HsVKu2ipK6bbLCHXRxOTRhJqjTLFrLLZpomcFT/7Czi//plrYK1ZGnsPQ== gs901@g15_guilherme",
            "tags": {},
            "tags_all": {}
          },
          "sensitive_attributes": [],
          "identity_schema_version": 0,
          "private": "eyJzY2hlbWFfdmVyc2lvbiI6IjEifQ=="
        }
      ]
    },
    {
      "module": "module.ec2.module.net",
      "mode": "managed",
      "type": "aws_internet_gateway",
      "name": "igw",
      "provider": "provider[\"registry.terraform.io/hashicorp/aws\"]",
      "instances": [
        {
          "schema_version": 0,
          "attributes": {
            "arn": "arn:aws:ec2:us-east-1:553579537067:internet-gateway/igw-09b5024d30b0a88da",
            "id": "igw-09b5024d30b0a88da",
            "owner_id": "553579537067",
            "tags": {
              "Name": "igw-busflow"
            },
            "tags_all": {
              "Name": "igw-busflow"
            },
            "timeouts": null,
            "vpc_id": "vpc-0a720f9594e4ba559"
          },
          "sensitive_attributes": [],
          "identity_schema_version": 0,
          "private": "eyJlMmJmYjczMC1lY2FhLTExZTYtOGY4OC0zNDM2M2JjN2M0YzAiOnsiY3JlYXRlIjoxMjAwMDAwMDAwMDAwLCJkZWxldGUiOjEyMDAwMDAwMDAwMDAsInVwZGF0ZSI6MTIwMDAwMDAwMDAwMH19",
          "dependencies": [
            "module.ec2.module.net.aws_vpc.vpc"
          ]
        }
      ]
    },
    {
      "module": "module.ec2.module.net",
      "mode": "managed",
      "type": "aws_security_group",
      "name": "sg",
      "provider": "provider[\"registry.terraform.io/hashicorp/aws\"]",
      "instances": [
        {
          "schema_version": 1,
          "attributes": {
            "arn": "arn:aws:ec2:us-east-1:553579537067:security-group/sg-0f55c26b1bd57387f",
            "description": "Allow SSH/HTTP/HTTPS access",
            "egress": [
              {
                "cidr_blocks": [
                  "0.0.0.0/0"
                ],
                "description": "",
                "from_port": 0,
                "ipv6_cidr_blocks": [],
                "prefix_list_ids": [],
                "protocol": "-1",
                "security_groups": [],
                "self": false,
                "to_port": 0
              }
            ],
            "id": "sg-0f55c26b1bd57387f",
            "ingress": [
              {
                "cidr_blocks": [
                  "0.0.0.0/0"
                ],
                "description": "",
                "from_port": 22,
                "ipv6_cidr_blocks": [],
                "prefix_list_ids": [],
                "protocol": "tcp",
                "security_groups": [],
                "self": false,
                "to_port": 22
              },
              {
                "cidr_blocks": [
                  "0.0.0.0/0"
                ],
                "description": "",
                "from_port": 443,
                "ipv6_cidr_blocks": [],
                "prefix_list_ids": [],
                "protocol": "tcp",
                "security_groups": [],
                "self": false,
                "to_port": 443
              },
              {
                "cidr_blocks": [
                  "0.0.0.0/0"
                ],
                "description": "",
                "from_port": 8000,
                "ipv6_cidr_blocks": [],
                "prefix_list_ids": [],
                "protocol": "tcp",
                "security_groups": [],
                "self": false,
                "to_port": 8000
              },
              {
                "cidr_blocks": [
                  "0.0.0.0/0"
                ],
                "description": "",
                "from_port": 80,
                "ipv6_cidr_blocks": [],
                "prefix_list_ids": [],
                "protocol": "tcp",
                "security_groups": [],
                "self": false,
                "to_port": 80
              }
            ],
            "name": "basic_security",
            "name_prefix": "",
            "owner_id": "553579537067",
            "revoke_rules_on_delete": false,
            "tags": {},
            "tags_all": {},
            "timeouts": null,
            "vpc_id": "vpc-0a720f9594e4ba559"
          },
          "sensitive_attributes": [],
          "identity_schema_version": 0,
          "private": "eyJlMmJmYjczMC1lY2FhLTExZTYtOGY4OC0zNDM2M2JjN2M0YzAiOnsiY3JlYXRlIjo2MDAwMDAwMDAwMDAsImRlbGV0ZSI6OTAwMDAwMDAwMDAwfSwic2NoZW1hX3ZlcnNpb24iOiIxIn0=",
          "dependencies": [
            "module.ec2.module.net.aws_vpc.vpc"
          ]
        }
      ]
    },
    {
      "module": "module.ec2.module.net",
      "mode": "managed",
      "type": "aws_security_group",
      "name": "vpc_endpoint_sg",
      "provider": "provider[\"registry.terraform.io/hashicorp/aws\"]",
      "instances": [
        {
          "schema_version": 1,
          "attributes": {
            "arn": "arn:aws:ec2:us-east-1:553579537067:security-group/sg-0685fcf3b0213c24b",
            "description": "Allow HTTPS for VPC Endpoints",
            "egress": [
              {
                "cidr_blocks": [
                  "0.0.0.0/0"
                ],
                "description": "",
                "from_port": 0,
                "ipv6_cidr_blocks": [],
                "prefix_list_ids": [],
                "protocol": "-1",
                "security_groups": [],
                "self": false,
                "to_port": 0
              }
            ],
            "id": "sg-0685fcf3b0213c24b",
            "ingress": [
              {
                "cidr_blocks": [
                  "10.0.0.0/24"
                ],
                "description": "",
                "from_port": 443,
                "ipv6_cidr_blocks": [],
                "prefix_list_ids": [],
                "protocol": "tcp",
                "security_groups": [],
                "self": false,
                "to_port": 443
              }
            ],
            "name": "vpc-endpoint-security-group",
            "name_prefix": "",
            "owner_id": "553579537067",
            "revoke_rules_on_delete": false,
            "tags": {
              "Name": "vpc-endpoint-sg-busflow"
            },
            "tags_all": {
              "Name": "vpc-endpoint-sg-busflow"
            },
            "timeouts": null,
            "vpc_id": "vpc-0a720f9594e4ba559"
          },
          "sensitive_attributes": [],
          "identity_schema_version": 0,
          "private": "eyJlMmJmYjczMC1lY2FhLTExZTYtOGY4OC0zNDM2M2JjN2M0YzAiOnsiY3JlYXRlIjo2MDAwMDAwMDAwMDAsImRlbGV0ZSI6OTAwMDAwMDAwMDAwfSwic2NoZW1hX3ZlcnNpb24iOiIxIn0=",
          "dependencies": [
            "module.ec2.module.net.aws_vpc.vpc"
          ]
        }
      ]
    },
    {
      "module": "module.ec2.module.net",
      "mode": "managed",
      "type": "aws_subnet",
      "name": "private_subnet",
      "provider": "provider[\"registry.terraform.io/hashicorp/aws\"]",
      "instances": [
        {
          "index_key": 0,
          "schema_version": 1,
          "attributes": {
            "arn": "arn:aws:ec2:us-east-1:553579537067:subnet/subnet-0c63f1b79c7721a0f",
            "assign_ipv6_address_on_creation": false,
            "availability_zone": "us-east-1a",
            "availability_zone_id": "use1-az2",
            "cidr_block": "10.0.0.128/26",
            "customer_owned_ipv4_pool": "",
            "enable_dns64": false,
            "enable_lni_at_device_index": 0,
            "enable_resource_name_dns_a_record_on_launch": false,
            "enable_resource_name_dns_aaaa_record_on_launch": false,
            "id": "subnet-0c63f1b79c7721a0f",
            "ipv6_cidr_block": "",
            "ipv6_cidr_block_association_id": "",
            "ipv6_native": false,
            "map_customer_owned_ip_on_launch": false,
            "map_public_ip_on_launch": false,
            "outpost_arn": "",
            "owner_id": "553579537067",
            "private_dns_hostname_type_on_launch": "ip-name",
            "tags": {
              "Name": "sub-rede-privada-busflow-1"
            },
            "tags_all": {
              "Name": "sub-rede-privada-busflow-1"
            },
            "timeouts": null,
            "vpc_id": "vpc-0a720f9594e4ba559"
          },
          "sensitive_attributes": [],
          "identity_schema_version": 0,
          "private": "eyJlMmJmYjczMC1lY2FhLTExZTYtOGY4OC0zNDM2M2JjN2M0YzAiOnsiY3JlYXRlIjo2MDAwMDAwMDAwMDAsImRlbGV0ZSI6MTIwMDAwMDAwMDAwMH0sInNjaGVtYV92ZXJzaW9uIjoiMSJ9",
          "dependencies": [
            "module.ec2.module.net.aws_vpc.vpc"
          ]
        },
        {
          "index_key": 1,
          "schema_version": 1,
          "attributes": {
            "arn": "arn:aws:ec2:us-east-1:553579537067:subnet/subnet-0d41a1f0101f24a95",
            "assign_ipv6_address_on_creation": false,
            "availability_zone": "us-east-1b",
            "availability_zone_id": "use1-az4",
            "cidr_block": "10.0.0.192/26",
            "customer_owned_ipv4_pool": "",
            "enable_dns64": false,
            "enable_lni_at_device_index": 0,
            "enable_resource_name_dns_a_record_on_launch": false,
            "enable_resource_name_dns_aaaa_record_on_launch": false,
            "id": "subnet-0d41a1f0101f24a95",
            "ipv6_cidr_block": "",
            "ipv6_cidr_block_association_id": "",
            "ipv6_native": false,
            "map_customer_owned_ip_on_launch": false,
            "map_public_ip_on_launch": false,
            "outpost_arn": "",
            "owner_id": "553579537067",
            "private_dns_hostname_type_on_launch": "ip-name",
            "tags": {
              "Name": "sub-rede-privada-busflow-2"
            },
            "tags_all": {
              "Name": "sub-rede-privada-busflow-2"
            },
            "timeouts": null,
            "vpc_id": "vpc-0a720f9594e4ba559"
          },
          "sensitive_attributes": [],
          "identity_schema_version": 0,
          "private": "eyJlMmJmYjczMC1lY2FhLTExZTYtOGY4OC0zNDM2M2JjN2M0YzAiOnsiY3JlYXRlIjo2MDAwMDAwMDAwMDAsImRlbGV0ZSI6MTIwMDAwMDAwMDAwMH0sInNjaGVtYV92ZXJzaW9uIjoiMSJ9",
          "dependencies": [
            "module.ec2.module.net.aws_vpc.vpc"
          ]
        }
      ]
    },
    {
      "module": "module.ec2.module.net",
      "mode": "managed",
      "type": "aws_subnet",
      "name": "public_subnet",
      "provider": "provider[\"registry.terraform.io/hashicorp/aws\"]",
      "instances": [
        {
          "index_key": 0,
          "schema_version": 1,
          "attributes": {
            "arn": "arn:aws:ec2:us-east-1:553579537067:subnet/subnet-0a79eb0535cc3aeee",
            "assign_ipv6_address_on_creation": false,
            "availability_zone": "us-east-1a",
            "availability_zone_id": "use1-az2",
            "cidr_block": "10.0.0.0/26",
            "customer_owned_ipv4_pool": "",
            "enable_dns64": false,
            "enable_lni_at_device_index": 0,
            "enable_resource_name_dns_a_record_on_launch": false,
            "enable_resource_name_dns_aaaa_record_on_launch": false,
            "id": "subnet-0a79eb0535cc3aeee",
            "ipv6_cidr_block": "",
            "ipv6_cidr_block_association_id": "",
            "ipv6_native": false,
            "map_customer_owned_ip_on_launch": false,
            "map_public_ip_on_launch": true,
            "outpost_arn": "",
            "owner_id": "553579537067",
            "private_dns_hostname_type_on_launch": "ip-name",
            "tags": {
              "Name": "sub-rede-publica-busflow-1"
            },
            "tags_all": {
              "Name": "sub-rede-publica-busflow-1"
            },
            "timeouts": null,
            "vpc_id": "vpc-0a720f9594e4ba559"
          },
          "sensitive_attributes": [],
          "identity_schema_version": 0,
          "private": "eyJlMmJmYjczMC1lY2FhLTExZTYtOGY4OC0zNDM2M2JjN2M0YzAiOnsiY3JlYXRlIjo2MDAwMDAwMDAwMDAsImRlbGV0ZSI6MTIwMDAwMDAwMDAwMH0sInNjaGVtYV92ZXJzaW9uIjoiMSJ9",
          "dependencies": [
            "module.ec2.module.net.aws_vpc.vpc"
          ]
        },
        {
          "index_key": 1,
          "schema_version": 1,
          "attributes": {
            "arn": "arn:aws:ec2:us-east-1:553579537067:subnet/subnet-0ebff28a4b9b2e2cd",
            "assign_ipv6_address_on_creation": false,
            "availability_zone": "us-east-1b",
            "availability_zone_id": "use1-az4",
            "cidr_block": "10.0.0.64/26",
            "customer_owned_ipv4_pool": "",
            "enable_dns64": false,
            "enable_lni_at_device_index": 0,
            "enable_resource_name_dns_a_record_on_launch": false,
            "enable_resource_name_dns_aaaa_record_on_launch": false,
            "id": "subnet-0ebff28a4b9b2e2cd",
            "ipv6_cidr_block": "",
            "ipv6_cidr_block_association_id": "",
            "ipv6_native": false,
            "map_customer_owned_ip_on_launch": false,
            "map_public_ip_on_launch": true,
            "outpost_arn": "",
            "owner_id": "553579537067",
            "private_dns_hostname_type_on_launch": "ip-name",
            "tags": {
              "Name": "sub-rede-publica-busflow-2"
            },
            "tags_all": {
              "Name": "sub-rede-publica-busflow-2"
            },
            "timeouts": null,
            "vpc_id": "vpc-0a720f9594e4ba559"
          },
          "sensitive_attributes": [],
          "identity_schema_version": 0,
          "private": "eyJlMmJmYjczMC1lY2FhLTExZTYtOGY4OC0zNDM2M2JjN2M0YzAiOnsiY3JlYXRlIjo2MDAwMDAwMDAwMDAsImRlbGV0ZSI6MTIwMDAwMDAwMDAwMH0sInNjaGVtYV92ZXJzaW9uIjoiMSJ9",
          "dependencies": [
            "module.ec2.module.net.aws_vpc.vpc"
          ]
        }
      ]
    },
    {
      "module": "module.ec2.module.net",
      "mode": "managed",
      "type": "aws_vpc",
      "name": "vpc",
      "provider": "provider[\"registry.terraform.io/hashicorp/aws\"]",
      "instances": [
        {
          "schema_version": 1,
          "attributes": {
            "arn": "arn:aws:ec2:us-east-1:553579537067:vpc/vpc-0a720f9594e4ba559",
            "assign_generated_ipv6_cidr_block": false,
            "cidr_block": "10.0.0.0/24",
            "default_network_acl_id": "acl-0ed3f792fa1de4240",
            "default_route_table_id": "rtb-05c82c9d585b57d39",
            "default_security_group_id": "sg-033fbda022cb406fc",
            "dhcp_options_id": "dopt-0dca7353ef402c8f6",
            "enable_classiclink": false,
            "enable_classiclink_dns_support": false,
            "enable_dns_hostnames": true,
            "enable_dns_support": true,
            "enable_network_address_usage_metrics": false,
            "id": "vpc-0a720f9594e4ba559",
            "instance_tenancy": "default",
            "ipv4_ipam_pool_id": null,
            "ipv4_netmask_length": null,
            "ipv6_association_id": "",
            "ipv6_cidr_block": "",
            "ipv6_cidr_block_network_border_group": "",
            "ipv6_ipam_pool_id": "",
            "ipv6_netmask_length": 0,
            "main_route_table_id": "rtb-05c82c9d585b57d39",
            "owner_id": "553579537067",
            "tags": {
              "Name": "vpc-busflow"
            },
            "tags_all": {
              "Name": "vpc-busflow"
            }
          },
          "sensitive_attributes": [],
          "identity_schema_version": 0,
          "private": "eyJzY2hlbWFfdmVyc2lvbiI6IjEifQ=="
        }
      ]
    },
    {
      "module": "module.ec2.module.net",
      "mode": "managed",
      "type": "aws_vpc_endpoint",
      "name": "sns_endpoint",
      "provider": "provider[\"registry.terraform.io/hashicorp/aws\"]",
      "instances": [
        {
          "schema_version": 0,
          "attributes": {
            "arn": "arn:aws:ec2:us-east-1:553579537067:vpc-endpoint/vpce-0d5b4ecb68c10b0ad",
            "auto_accept": null,
            "cidr_blocks": [],
            "dns_entry": [
              {
                "dns_name": "vpce-0d5b4ecb68c10b0ad-l88a246a.sns.us-east-1.vpce.amazonaws.com",
                "hosted_zone_id": "Z7HUB22UULQXV"
              },
              {
                "dns_name": "vpce-0d5b4ecb68c10b0ad-l88a246a-us-east-1b.sns.us-east-1.vpce.amazonaws.com",
                "hosted_zone_id": "Z7HUB22UULQXV"
              },
              {
                "dns_name": "vpce-0d5b4ecb68c10b0ad-l88a246a-us-east-1a.sns.us-east-1.vpce.amazonaws.com",
                "hosted_zone_id": "Z7HUB22UULQXV"
              },
              {
                "dns_name": "sns.us-east-1.amazonaws.com",
                "hosted_zone_id": "Z0821858QR1T5CPAUWPF"
              },
              {
                "dns_name": "sns.us-east-1.api.aws",
                "hosted_zone_id": "Z09218003HGZUDZRFTJIF"
              }
            ],
            "dns_options": [
              {
                "dns_record_ip_type": "ipv4"
              }
            ],
            "id": "vpce-0d5b4ecb68c10b0ad",
            "ip_address_type": "ipv4",
            "network_interface_ids": [
              "eni-0951b8838d72a7ca6",
              "eni-0e6b6fdaba58f4c41"
            ],
            "owner_id": "553579537067",
            "policy": "{\"Statement\":[{\"Action\":\"*\",\"Effect\":\"Allow\",\"Principal\":\"*\",\"Resource\":\"*\"}]}",
            "prefix_list_id": null,
            "private_dns_enabled": true,
            "requester_managed": false,
            "route_table_ids": [],
            "security_group_ids": [
              "sg-0685fcf3b0213c24b"
            ],
            "service_name": "com.amazonaws.us-east-1.sns",
            "state": "available",
            "subnet_ids": [
              "subnet-0c63f1b79c7721a0f",
              "subnet-0d41a1f0101f24a95"
            ],
            "tags": {
              "Name": "sns-vpc-endpoint-busflow"
            },
            "tags_all": {
              "Name": "sns-vpc-endpoint-busflow"
            },
            "timeouts": null,
            "vpc_endpoint_type": "Interface",
            "vpc_id": "vpc-0a720f9594e4ba559"
          },
          "sensitive_attributes": [],
          "identity_schema_version": 0,
          "private": "eyJlMmJmYjczMC1lY2FhLTExZTYtOGY4OC0zNDM2M2JjN2M0YzAiOnsiY3JlYXRlIjo2MDAwMDAwMDAwMDAsImRlbGV0ZSI6NjAwMDAwMDAwMDAwLCJ1cGRhdGUiOjYwMDAwMDAwMDAwMH19",
          "dependencies": [
            "module.ec2.module.net.aws_security_group.vpc_endpoint_sg",
            "module.ec2.module.net.aws_subnet.private_subnet",
            "module.ec2.module.net.aws_vpc.vpc"
          ]
        }
      ]
    },
    {
      "module": "module.net",
      "mode": "managed",
      "type": "aws_security_group",
      "name": "lambda_sg",
      "provider": "provider[\"registry.terraform.io/hashicorp/aws\"]",
      "instances": [
        {
          "schema_version": 1,
          "attributes": {
            "arn": "arn:aws:ec2:us-east-1:553579537067:security-group/sg-0ccbe663ae1ac10e3",
            "description": "Allow Lambda outbound communication",
            "egress": [
              {
                "cidr_blocks": [
                  "0.0.0.0/0"
                ],
                "description": "",
                "from_port": 0,
                "ipv6_cidr_blocks": [],
                "prefix_list_ids": [],
                "protocol": "-1",
                "security_groups": [],
                "self": false,
                "to_port": 0
              }
            ],
            "id": "sg-0ccbe663ae1ac10e3",
            "ingress": [],
            "name": "lambda-security-group",
            "name_prefix": "",
            "owner_id": "553579537067",
            "revoke_rules_on_delete": false,
            "tags": {
              "Name": "lambda-security-group-busflow"
            },
            "tags_all": {
              "Name": "lambda-security-group-busflow"
            },
            "timeouts": null,
            "vpc_id": "vpc-0ea1c395ce36b341b"
          },
          "sensitive_attributes": [],
          "identity_schema_version": 0,
          "private": "eyJlMmJmYjczMC1lY2FhLTExZTYtOGY4OC0zNDM2M2JjN2M0YzAiOnsiY3JlYXRlIjo2MDAwMDAwMDAwMDAsImRlbGV0ZSI6OTAwMDAwMDAwMDAwfSwic2NoZW1hX3ZlcnNpb24iOiIxIn0=",
          "dependencies": [
            "module.net.aws_vpc.vpc"
          ]
        }
      ]
    },
    {
      "module": "module.net",
      "mode": "managed",
      "type": "aws_security_group",
      "name": "sg",
      "provider": "provider[\"registry.terraform.io/hashicorp/aws\"]",
      "instances": [
        {
          "schema_version": 1,
          "attributes": {
            "arn": "arn:aws:ec2:us-east-1:553579537067:security-group/sg-04afaa68ff55ee54e",
            "description": "Allow SSH/HTTP/HTTPS access",
            "egress": [
              {
                "cidr_blocks": [
                  "0.0.0.0/0"
                ],
                "description": "",
                "from_port": 0,
                "ipv6_cidr_blocks": [],
                "prefix_list_ids": [],
                "protocol": "-1",
                "security_groups": [],
                "self": false,
                "to_port": 0
              }
            ],
            "id": "sg-04afaa68ff55ee54e",
            "ingress": [
              {
                "cidr_blocks": [
                  "0.0.0.0/0"
                ],
                "description": "",
                "from_port": 22,
                "ipv6_cidr_blocks": [],
                "prefix_list_ids": [],
                "protocol": "tcp",
                "security_groups": [],
                "self": false,
                "to_port": 22
              },
              {
                "cidr_blocks": [
                  "0.0.0.0/0"
                ],
                "description": "",
                "from_port": 443,
                "ipv6_cidr_blocks": [],
                "prefix_list_ids": [],
                "protocol": "tcp",
                "security_groups": [],
                "self": false,
                "to_port": 443
              },
              {
                "cidr_blocks": [
                  "0.0.0.0/0"
                ],
                "description": "",
                "from_port": 8000,
                "ipv6_cidr_blocks": [],
                "prefix_list_ids": [],
                "protocol": "tcp",
                "security_groups": [],
                "self": false,
                "to_port": 8000
              },
              {
                "cidr_blocks": [
                  "0.0.0.0/0"
                ],
                "description": "",
                "from_port": 80,
                "ipv6_cidr_blocks": [],
                "prefix_list_ids": [],
                "protocol": "tcp",
                "security_groups": [],
                "self": false,
                "to_port": 80
              }
            ],
            "name": "basic_security",
            "name_prefix": "",
            "owner_id": "553579537067",
            "revoke_rules_on_delete": false,
            "tags": {},
            "tags_all": {},
            "timeouts": null,
            "vpc_id": "vpc-0ea1c395ce36b341b"
          },
          "sensitive_attributes": [],
          "identity_schema_version": 0,
          "private": "eyJlMmJmYjczMC1lY2FhLTExZTYtOGY4OC0zNDM2M2JjN2M0YzAiOnsiY3JlYXRlIjo2MDAwMDAwMDAwMDAsImRlbGV0ZSI6OTAwMDAwMDAwMDAwfSwic2NoZW1hX3ZlcnNpb24iOiIxIn0=",
          "dependencies": [
            "module.net.aws_vpc.vpc"
          ]
        }
      ]
    },
    {
      "module": "module.net",
      "mode": "managed",
      "type": "aws_security_group",
      "name": "vpc_endpoint_sg",
      "provider": "provider[\"registry.terraform.io/hashicorp/aws\"]",
      "instances": [
        {
          "schema_version": 1,
          "attributes": {
            "arn": "arn:aws:ec2:us-east-1:553579537067:security-group/sg-019b6ce16465a46ad",
            "description": "Allow HTTPS for VPC Endpoints",
            "egress": [
              {
                "cidr_blocks": [
                  "0.0.0.0/0"
                ],
                "description": "",
                "from_port": 0,
                "ipv6_cidr_blocks": [],
                "prefix_list_ids": [],
                "protocol": "-1",
                "security_groups": [],
                "self": false,
                "to_port": 0
              }
            ],
            "id": "sg-019b6ce16465a46ad",
            "ingress": [
              {
                "cidr_blocks": [
                  "10.0.0.0/24"
                ],
                "description": "",
                "from_port": 443,
                "ipv6_cidr_blocks": [],
                "prefix_list_ids": [],
                "protocol": "tcp",
                "security_groups": [],
                "self": false,
                "to_port": 443
              }
            ],
            "name": "vpc-endpoint-security-group",
            "name_prefix": "",
            "owner_id": "553579537067",
            "revoke_rules_on_delete": false,
            "tags": {
              "Name": "vpc-endpoint-sg-busflow"
            },
            "tags_all": {
              "Name": "vpc-endpoint-sg-busflow"
            },
            "timeouts": null,
            "vpc_id": "vpc-0ea1c395ce36b341b"
          },
          "sensitive_attributes": [],
          "identity_schema_version": 0,
          "private": "eyJlMmJmYjczMC1lY2FhLTExZTYtOGY4OC0zNDM2M2JjN2M0YzAiOnsiY3JlYXRlIjo2MDAwMDAwMDAwMDAsImRlbGV0ZSI6OTAwMDAwMDAwMDAwfSwic2NoZW1hX3ZlcnNpb24iOiIxIn0=",
          "dependencies": [
            "module.net.aws_vpc.vpc"
          ]
        }
      ]
    },
    {
      "module": "module.net",
      "mode": "managed",
      "type": "aws_subnet",
      "name": "private_subnet",
      "provider": "provider[\"registry.terraform.io/hashicorp/aws\"]",
      "instances": [
        {
          "index_key": 0,
          "schema_version": 1,
          "attributes": {
            "arn": "arn:aws:ec2:us-east-1:553579537067:subnet/subnet-0d77d500b92c5c203",
            "assign_ipv6_address_on_creation": false,
            "availability_zone": "us-east-1a",
            "availability_zone_id": "use1-az2",
            "cidr_block": "10.0.0.128/26",
            "customer_owned_ipv4_pool": "",
            "enable_dns64": false,
            "enable_lni_at_device_index": 0,
            "enable_resource_name_dns_a_record_on_launch": false,
            "enable_resource_name_dns_aaaa_record_on_launch": false,
            "id": "subnet-0d77d500b92c5c203",
            "ipv6_cidr_block": "",
            "ipv6_cidr_block_association_id": "",
            "ipv6_native": false,
            "map_customer_owned_ip_on_launch": false,
            "map_public_ip_on_launch": false,
            "outpost_arn": "",
            "owner_id": "553579537067",
            "private_dns_hostname_type_on_launch": "ip-name",
            "tags": {
              "Name": "sub-rede-privada-busflow-1"
            },
            "tags_all": {
              "Name": "sub-rede-privada-busflow-1"
            },
            "timeouts": null,
            "vpc_id": "vpc-0ea1c395ce36b341b"
          },
          "sensitive_attributes": [],
          "identity_schema_version": 0,
          "private": "eyJlMmJmYjczMC1lY2FhLTExZTYtOGY4OC0zNDM2M2JjN2M0YzAiOnsiY3JlYXRlIjo2MDAwMDAwMDAwMDAsImRlbGV0ZSI6MTIwMDAwMDAwMDAwMH0sInNjaGVtYV92ZXJzaW9uIjoiMSJ9",
          "dependencies": [
            "module.net.aws_vpc.vpc"
          ]
        },
        {
          "index_key": 1,
          "schema_version": 1,
          "attributes": {
            "arn": "arn:aws:ec2:us-east-1:553579537067:subnet/subnet-016869cfd2ad750f6",
            "assign_ipv6_address_on_creation": false,
            "availability_zone": "us-east-1b",
            "availability_zone_id": "use1-az4",
            "cidr_block": "10.0.0.192/26",
            "customer_owned_ipv4_pool": "",
            "enable_dns64": false,
            "enable_lni_at_device_index": 0,
            "enable_resource_name_dns_a_record_on_launch": false,
            "enable_resource_name_dns_aaaa_record_on_launch": false,
            "id": "subnet-016869cfd2ad750f6",
            "ipv6_cidr_block": "",
            "ipv6_cidr_block_association_id": "",
            "ipv6_native": false,
            "map_customer_owned_ip_on_launch": false,
            "map_public_ip_on_launch": false,
            "outpost_arn": "",
            "owner_id": "553579537067",
            "private_dns_hostname_type_on_launch": "ip-name",
            "tags": {
              "Name": "sub-rede-privada-busflow-2"
            },
            "tags_all": {
              "Name": "sub-rede-privada-busflow-2"
            },
            "timeouts": null,
            "vpc_id": "vpc-0ea1c395ce36b341b"
          },
          "sensitive_attributes": [],
          "identity_schema_version": 0,
          "private": "eyJlMmJmYjczMC1lY2FhLTExZTYtOGY4OC0zNDM2M2JjN2M0YzAiOnsiY3JlYXRlIjo2MDAwMDAwMDAwMDAsImRlbGV0ZSI6MTIwMDAwMDAwMDAwMH0sInNjaGVtYV92ZXJzaW9uIjoiMSJ9",
          "dependencies": [
            "module.net.aws_vpc.vpc"
          ]
        }
      ]
    },
    {
      "module": "module.net",
      "mode": "managed",
      "type": "aws_vpc",
      "name": "vpc",
      "provider": "provider[\"registry.terraform.io/hashicorp/aws\"]",
      "instances": [
        {
          "schema_version": 1,
          "attributes": {
            "arn": "arn:aws:ec2:us-east-1:553579537067:vpc/vpc-0ea1c395ce36b341b",
            "assign_generated_ipv6_cidr_block": false,
            "cidr_block": "10.0.0.0/24",
            "default_network_acl_id": "acl-0fb8b4024fc639dc1",
            "default_route_table_id": "rtb-0968de33d10e08eb6",
            "default_security_group_id": "sg-0fe45c1a6e957470e",
            "dhcp_options_id": "dopt-0dca7353ef402c8f6",
            "enable_classiclink": false,
            "enable_classiclink_dns_support": false,
            "enable_dns_hostnames": true,
            "enable_dns_support": true,
            "enable_network_address_usage_metrics": false,
            "id": "vpc-0ea1c395ce36b341b",
            "instance_tenancy": "default",
            "ipv4_ipam_pool_id": null,
            "ipv4_netmask_length": null,
            "ipv6_association_id": "",
            "ipv6_cidr_block": "",
            "ipv6_cidr_block_network_border_group": "",
            "ipv6_ipam_pool_id": "",
            "ipv6_netmask_length": 0,
            "main_route_table_id": "rtb-0968de33d10e08eb6",
            "owner_id": "553579537067",
            "tags": {
              "Name": "vpc-busflow"
            },
            "tags_all": {
              "Name": "vpc-busflow"
            }
          },
          "sensitive_attributes": [],
          "identity_schema_version": 0,
          "private": "eyJzY2hlbWFfdmVyc2lvbiI6IjEifQ=="
        }
      ]
    },
    {
      "module": "module.net",
      "mode": "managed",
      "type": "aws_vpc_endpoint",
      "name": "sns_endpoint",
      "provider": "provider[\"registry.terraform.io/hashicorp/aws\"]",
      "instances": [
        {
          "schema_version": 0,
          "attributes": {
            "arn": "arn:aws:ec2:us-east-1:553579537067:vpc-endpoint/vpce-09bd537748ec947e9",
            "auto_accept": null,
            "cidr_blocks": [],
            "dns_entry": [
              {
                "dns_name": "vpce-09bd537748ec947e9-547lmx28.sns.us-east-1.vpce.amazonaws.com",
                "hosted_zone_id": "Z7HUB22UULQXV"
              },
              {
                "dns_name": "vpce-09bd537748ec947e9-547lmx28-us-east-1a.sns.us-east-1.vpce.amazonaws.com",
                "hosted_zone_id": "Z7HUB22UULQXV"
              },
              {
                "dns_name": "vpce-09bd537748ec947e9-547lmx28-us-east-1b.sns.us-east-1.vpce.amazonaws.com",
                "hosted_zone_id": "Z7HUB22UULQXV"
              },
              {
                "dns_name": "sns.us-east-1.amazonaws.com",
                "hosted_zone_id": "Z03781862O5TYM06HHM3M"
              },
              {
                "dns_name": "sns.us-east-1.api.aws",
                "hosted_zone_id": "Z03781882RMRS45N5H0A8"
              }
            ],
            "dns_options": [
              {
                "dns_record_ip_type": "ipv4"
              }
            ],
            "id": "vpce-09bd537748ec947e9",
            "ip_address_type": "ipv4",
            "network_interface_ids": [
              "eni-01c90488080a71fba",
              "eni-0e1c2a30a2f1503ea"
            ],
            "owner_id": "553579537067",
            "policy": "{\"Statement\":[{\"Action\":\"*\",\"Effect\":\"Allow\",\"Principal\":\"*\",\"Resource\":\"*\"}]}",
            "prefix_list_id": null,
            "private_dns_enabled": true,
            "requester_managed": false,
            "route_table_ids": [],
            "security_group_ids": [
              "sg-019b6ce16465a46ad"
            ],
            "service_name": "com.amazonaws.us-east-1.sns",
            "state": "available",
            "subnet_ids": [
              "subnet-016869cfd2ad750f6",
              "subnet-0d77d500b92c5c203"
            ],
            "tags": {
              "Name": "sns-vpc-endpoint-busflow"
            },
            "tags_all": {
              "Name": "sns-vpc-endpoint-busflow"
            },
            "timeouts": null,
            "vpc_endpoint_type": "Interface",
            "vpc_id": "vpc-0ea1c395ce36b341b"
          },
          "sensitive_attributes": [],
          "identity_schema_version": 0,
          "private": "eyJlMmJmYjczMC1lY2FhLTExZTYtOGY4OC0zNDM2M2JjN2M0YzAiOnsiY3JlYXRlIjo2MDAwMDAwMDAwMDAsImRlbGV0ZSI6NjAwMDAwMDAwMDAwLCJ1cGRhdGUiOjYwMDAwMDAwMDAwMH19",
          "dependencies": [
            "module.net.aws_security_group.vpc_endpoint_sg",
            "module.net.aws_subnet.private_subnet",
            "module.net.aws_vpc.vpc"
          ]
        }
      ]
    },
    {
      "module": "module.rds",
      "mode": "managed",
      "type": "aws_db_instance",
      "name": "db_instance",
      "provider": "provider[\"registry.terraform.io/hashicorp/aws\"]",
      "instances": [
        {
          "schema_version": 1,
          "attributes": {
            "address": "db-busflow.cxrx1hvybs7s.us-east-1.rds.amazonaws.com",
            "allocated_storage": 20,
            "allow_major_version_upgrade": null,
            "apply_immediately": false,
            "arn": "arn:aws:rds:us-east-1:553579537067:db:db-busflow",
            "auto_minor_version_upgrade": true,
            "availability_zone": "us-east-1b",
            "backup_retention_period": 0,
            "backup_window": "05:39-06:09",
            "blue_green_update": [],
            "ca_cert_identifier": "rds-ca-rsa2048-g1",
            "character_set_name": "",
            "copy_tags_to_snapshot": false,
            "custom_iam_instance_profile": "",
            "customer_owned_ip_enabled": false,
            "db_name": "busflowdb",
            "db_subnet_group_name": "db-subnet-group-busflow",
            "delete_automated_backups": true,
            "deletion_protection": false,
            "domain": "",
            "domain_iam_role_name": "",
            "enabled_cloudwatch_logs_exports": [],
            "endpoint": "db-busflow.cxrx1hvybs7s.us-east-1.rds.amazonaws.com:5432",
            "engine": "postgres",
            "engine_version": "14",
            "engine_version_actual": "14.22",
            "final_snapshot_identifier": null,
            "hosted_zone_id": "Z2R2ITUGPM61AM",
            "iam_database_authentication_enabled": false,
            "id": "db-busflow",
            "identifier": "db-busflow",
            "identifier_prefix": "",
            "instance_class": "db.t3.micro",
            "iops": 0,
            "kms_key_id": "",
            "latest_restorable_time": "",
            "license_model": "postgresql-license",
            "listener_endpoint": [],
            "maintenance_window": "mon:10:18-mon:10:48",
            "manage_master_user_password": null,
            "master_user_secret": [],
            "master_user_secret_kms_key_id": null,
            "max_allocated_storage": 100,
            "monitoring_interval": 0,
            "monitoring_role_arn": "",
            "multi_az": false,
            "name": "busflowdb",
            "nchar_character_set_name": "",
            "network_type": "IPV4",
            "option_group_name": "default:postgres-14",
            "parameter_group_name": "default.postgres14",
            "password": "Busflow2026Secure",
            "performance_insights_enabled": false,
            "performance_insights_kms_key_id": "",
            "performance_insights_retention_period": 0,
            "port": 5432,
            "publicly_accessible": false,
            "replica_mode": "",
            "replicas": [],
            "replicate_source_db": "",
            "resource_id": "db-PZGSN7NAHVJW2HP4O3TXV6NDDE",
            "restore_to_point_in_time": [],
            "s3_import": [],
            "security_group_names": [],
            "skip_final_snapshot": true,
            "snapshot_identifier": null,
            "status": "available",
            "storage_encrypted": false,
            "storage_throughput": 0,
            "storage_type": "gp2",
            "tags": {
              "Name": "db-busflow-instance"
            },
            "tags_all": {
              "Name": "db-busflow-instance"
            },
            "timeouts": null,
            "timezone": "",
            "username": "postgres",
            "vpc_security_group_ids": [
              "sg-0c979f99c04720025"
            ]
          },
          "sensitive_attributes": [
            [
              {
                "type": "get_attr",
                "value": "password"
              }
            ],
            [
              {
                "type": "get_attr",
                "value": "username"
              }
            ]
          ],
          "identity_schema_version": 0,
          "private": "eyJlMmJmYjczMC1lY2FhLTExZTYtOGY4OC0zNDM2M2JjN2M0YzAiOnsiY3JlYXRlIjoyNDAwMDAwMDAwMDAwLCJkZWxldGUiOjM2MDAwMDAwMDAwMDAsInVwZGF0ZSI6NDgwMDAwMDAwMDAwMH0sInNjaGVtYV92ZXJzaW9uIjoiMSJ9",
          "dependencies": [
            "module.net.aws_security_group.lambda_sg",
            "module.net.aws_security_group.sg",
            "module.net.aws_subnet.private_subnet",
            "module.net.aws_vpc.vpc",
            "module.rds.aws_db_subnet_group.db_subnet_group",
            "module.rds.aws_security_group.rds_sg",
            "module.sagemaker.aws_security_group.sagemaker_sg"
          ]
        }
      ]
    },
    {
      "module": "module.rds",
      "mode": "managed",
      "type": "aws_db_subnet_group",
      "name": "db_subnet_group",
      "provider": "provider[\"registry.terraform.io/hashicorp/aws\"]",
      "instances": [
        {
          "schema_version": 0,
          "attributes": {
            "arn": "arn:aws:rds:us-east-1:553579537067:subgrp:db-subnet-group-busflow",
            "description": "Managed by Terraform",
            "id": "db-subnet-group-busflow",
            "name": "db-subnet-group-busflow",
            "name_prefix": "",
            "subnet_ids": [
              "subnet-016869cfd2ad750f6",
              "subnet-0d77d500b92c5c203"
            ],
            "supported_network_types": [
              "IPV4"
            ],
            "tags": {
              "Name": "db-subnet-group-busflow"
            },
            "tags_all": {
              "Name": "db-subnet-group-busflow"
            },
            "vpc_id": "vpc-0ea1c395ce36b341b"
          },
          "sensitive_attributes": [],
          "identity_schema_version": 0,
          "private": "bnVsbA==",
          "dependencies": [
            "module.net.aws_subnet.private_subnet",
            "module.net.aws_vpc.vpc"
          ]
        }
      ]
    },
    {
      "module": "module.rds",
      "mode": "managed",
      "type": "aws_security_group",
      "name": "rds_sg",
      "provider": "provider[\"registry.terraform.io/hashicorp/aws\"]",
      "instances": [
        {
          "schema_version": 1,
          "attributes": {
            "arn": "arn:aws:ec2:us-east-1:553579537067:security-group/sg-0c979f99c04720025",
            "description": "Allow PostgreSQL access",
            "egress": [
              {
                "cidr_blocks": [
                  "0.0.0.0/0"
                ],
                "description": "",
                "from_port": 0,
                "ipv6_cidr_blocks": [],
                "prefix_list_ids": [],
                "protocol": "-1",
                "security_groups": [],
                "self": false,
                "to_port": 0
              }
            ],
            "id": "sg-0c979f99c04720025",
            "ingress": [
              {
                "cidr_blocks": [],
                "description": "",
                "from_port": 5432,
                "ipv6_cidr_blocks": [],
                "prefix_list_ids": [],
                "protocol": "tcp",
                "security_groups": [
                  "sg-04afaa68ff55ee54e",
                  "sg-05a12d31248842460",
                  "sg-0ccbe663ae1ac10e3"
                ],
                "self": false,
                "to_port": 5432
              }
            ],
            "name": "rds-security-group",
            "name_prefix": "",
            "owner_id": "553579537067",
            "revoke_rules_on_delete": false,
            "tags": {
              "Name": "rds-security-group-busflow"
            },
            "tags_all": {
              "Name": "rds-security-group-busflow"
            },
            "timeouts": null,
            "vpc_id": "vpc-0ea1c395ce36b341b"
          },
          "sensitive_attributes": [],
          "identity_schema_version": 0,
          "private": "eyJlMmJmYjczMC1lY2FhLTExZTYtOGY4OC0zNDM2M2JjN2M0YzAiOnsiY3JlYXRlIjo2MDAwMDAwMDAwMDAsImRlbGV0ZSI6OTAwMDAwMDAwMDAwfSwic2NoZW1hX3ZlcnNpb24iOiIxIn0=",
          "dependencies": [
            "module.net.aws_security_group.lambda_sg",
            "module.net.aws_security_group.sg",
            "module.net.aws_vpc.vpc",
            "module.sagemaker.aws_security_group.sagemaker_sg"
          ]
        }
      ]
    },
    {
      "module": "module.sagemaker",
      "mode": "data",
      "type": "aws_iam_role",
      "name": "lab_role",
      "provider": "provider[\"registry.terraform.io/hashicorp/aws\"]",
      "instances": [
        {
          "schema_version": 0,
          "attributes": {
            "arn": "arn:aws:iam::553579537067:role/LabRole",
            "assume_role_policy": "{\"Version\":\"2012-10-17\",\"Statement\":[{\"Effect\":\"Allow\",\"Principal\":{\"AWS\":\"arn:aws:iam::553579537067:role/LabRole\",\"Service\":[\"kms.amazonaws.com\",\"elasticmapreduce.amazonaws.com\",\"cloudformation.amazonaws.com\",\"autoscaling.amazonaws.com\",\"sagemaker.amazonaws.com\",\"elasticbeanstalk.amazonaws.com\",\"ssm.amazonaws.com\",\"resource-groups.amazonaws.com\",\"ec2.application-autoscaling.amazonaws.com\",\"eks-fargate-pods.amazonaws.com\",\"redshift.amazonaws.com\",\"ecs.amazonaws.com\",\"states.amazonaws.com\",\"scheduler.amazonaws.com\",\"secretsmanager.amazonaws.com\",\"batch.amazonaws.com\",\"s3.amazonaws.com\",\"kinesis.amazonaws.com\",\"kinesisanalytics.amazonaws.com\",\"cognito-idp.amazonaws.com\",\"cloudtrail.amazonaws.com\",\"deepracer.amazonaws.com\",\"dynamodb.amazonaws.com\",\"firehose.amazonaws.com\",\"glue.amazonaws.com\",\"events.amazonaws.com\",\"logs.amazonaws.com\",\"iotanalytics.amazonaws.com\",\"elasticfilesystem.amazonaws.com\",\"iot.amazonaws.com\",\"ecs-tasks.amazonaws.com\",\"iotevents.amazonaws.com\",\"application-autoscaling.amazonaws.com\",\"codecommit.amazonaws.com\",\"elasticloadbalancing.amazonaws.com\",\"rekognition.amazonaws.com\",\"databrew.amazonaws.com\",\"cloud9.amazonaws.com\",\"sns.amazonaws.com\",\"backup.amazonaws.com\",\"pipes.amazonaws.com\",\"forecast.amazonaws.com\",\"codewhisperer.amazonaws.com\",\"codedeploy.amazonaws.com\",\"sqs.amazonaws.com\",\"rds.amazonaws.com\",\"credentials.iot.amazonaws.com\",\"servicecatalog.amazonaws.com\",\"eks.amazonaws.com\",\"ec2.amazonaws.com\",\"apigateway.amazonaws.com\",\"athena.amazonaws.com\",\"lambda.amazonaws.com\"]},\"Action\":\"sts:AssumeRole\"}]}",
            "create_date": "2026-04-25T19:00:50Z",
            "description": "",
            "id": "LabRole",
            "max_session_duration": 3600,
            "name": "LabRole",
            "path": "/",
            "permissions_boundary": "",
            "role_last_used": [
              {
                "last_used_date": "2026-06-17T23:30:10Z",
                "region": "us-east-1"
              }
            ],
            "tags": {
              "cloudlab": "c209792a5326720l14855062t1w553579537067"
            },
            "unique_id": "AROAYBY7JMKVW3OPXKG2Y"
          },
          "sensitive_attributes": [],
          "identity_schema_version": 0
        }
      ]
    },
    {
      "module": "module.sagemaker",
      "mode": "managed",
      "type": "aws_sagemaker_notebook_instance",
      "name": "ml_notebook",
      "provider": "provider[\"registry.terraform.io/hashicorp/aws\"]",
      "instances": [
        {
          "schema_version": 0,
          "attributes": {
            "accelerator_types": [],
            "additional_code_repositories": [],
            "arn": "arn:aws:sagemaker:us-east-1:553579537067:notebook-instance/ml-notebook-busflow",
            "default_code_repository": "",
            "direct_internet_access": "Enabled",
            "id": "ml-notebook-busflow",
            "instance_metadata_service_configuration": [
              {
                "minimum_instance_metadata_service_version": "2"
              }
            ],
            "instance_type": "ml.t3.medium",
            "kms_key_id": "",
            "lifecycle_config_name": "",
            "name": "ml-notebook-busflow",
            "network_interface_id": "eni-07a4a9ce7e36c282d",
            "platform_identifier": "notebook-al2023-v1",
            "role_arn": "arn:aws:iam::553579537067:role/LabRole",
            "root_access": "Enabled",
            "security_groups": [
              "sg-05a12d31248842460"
            ],
            "subnet_id": "subnet-0d77d500b92c5c203",
            "tags": {
              "Name": "ml-notebook-busflow"
            },
            "tags_all": {
              "Name": "ml-notebook-busflow"
            },
            "url": "ml-notebook-busflow.notebook.us-east-1.sagemaker.aws",
            "volume_size": 5
          },
          "sensitive_attributes": [],
          "identity_schema_version": 0,
          "private": "bnVsbA==",
          "dependencies": [
            "module.net.aws_subnet.private_subnet",
            "module.net.aws_vpc.vpc",
            "module.sagemaker.aws_security_group.sagemaker_sg",
            "module.sagemaker.data.aws_iam_role.lab_role"
          ]
        }
      ]
    },
    {
      "module": "module.sagemaker",
      "mode": "managed",
      "type": "aws_security_group",
      "name": "sagemaker_sg",
      "provider": "provider[\"registry.terraform.io/hashicorp/aws\"]",
      "instances": [
        {
          "schema_version": 1,
          "attributes": {
            "arn": "arn:aws:ec2:us-east-1:553579537067:security-group/sg-05a12d31248842460",
            "description": "Security group for SageMaker",
            "egress": [
              {
                "cidr_blocks": [
                  "0.0.0.0/0"
                ],
                "description": "",
                "from_port": 0,
                "ipv6_cidr_blocks": [],
                "prefix_list_ids": [],
                "protocol": "-1",
                "security_groups": [],
                "self": false,
                "to_port": 0
              }
            ],
            "id": "sg-05a12d31248842460",
            "ingress": [
              {
                "cidr_blocks": [
                  "10.0.0.0/24"
                ],
                "description": "",
                "from_port": 443,
                "ipv6_cidr_blocks": [],
                "prefix_list_ids": [],
                "protocol": "tcp",
                "security_groups": [],
                "self": false,
                "to_port": 443
              }
            ],
            "name": "sagemaker-security-group",
            "name_prefix": "",
            "owner_id": "553579537067",
            "revoke_rules_on_delete": false,
            "tags": {
              "Name": "sagemaker-security-group-busflow"
            },
            "tags_all": {
              "Name": "sagemaker-security-group-busflow"
            },
            "timeouts": null,
            "vpc_id": "vpc-0ea1c395ce36b341b"
          },
          "sensitive_attributes": [],
          "identity_schema_version": 0,
          "private": "eyJlMmJmYjczMC1lY2FhLTExZTYtOGY4OC0zNDM2M2JjN2M0YzAiOnsiY3JlYXRlIjo2MDAwMDAwMDAwMDAsImRlbGV0ZSI6OTAwMDAwMDAwMDAwfSwic2NoZW1hX3ZlcnNpb24iOiIxIn0=",
          "dependencies": [
            "module.net.aws_vpc.vpc"
          ]
        }
      ]
    }
  ],
  "check_results": null
}
